# THIS IS AN AUTOGENERATED FILE. DO NOT EDIT THIS FILE DIRECTLY.
# yarn lockfile v1


"@hookform/resolvers@^3.9.0":
  version "3.9.0"
  resolved "https://registry.yarnpkg.com/@hookform/resolvers/-/resolvers-3.9.0.tgz#cf540ac21c6c0cd24a40cf53d8e6d64391fb753d"
  integrity sha512-bU0Gr4EepJ/EQsH/IwEzYLsT/PEj5C0ynLQ4m+GSHS+xKH4TfSelhluTgOaoc4kA5s7eCsQbM4wvZLzELmWzUg==

"@tabler/icons-react@^3.19.0":
  version "3.19.0"
  resolved "https://registry.yarnpkg.com/@tabler/icons-react/-/icons-react-3.19.0.tgz#9b5a421bf69875677fde52e7de73b4e6b5571e57"
  integrity sha512-AqEWGI0tQWgqo6ZjMO5yJ9sYT8oXLuAM/up0hN9iENS6IdtNZryKrkNSiMgpwweNTpl8wFFG/dAZ959S91A/uQ==
  dependencies:
    "@tabler/icons" "3.19.0"

"@tabler/icons@3.19.0":
  version "3.19.0"
  resolved "https://registry.yarnpkg.com/@tabler/icons/-/icons-3.19.0.tgz#5998b0557ef34572e003f2d75ac95e7c04f88c81"
  integrity sha512-A4WEWqpdbTfnpFEtwXqwAe9qf9sp1yRPvzppqAuwcoF0q5YInqB+JkJtSFToCyBpPVeLxJUxxkapLvt2qQgnag==

react-hook-form@^7.53.0:
  version "7.53.0"
  resolved "https://registry.yarnpkg.com/react-hook-form/-/react-hook-form-7.53.0.tgz#3cf70951bf41fa95207b34486203ebefbd3a05ab"
  integrity sha512-M1n3HhqCww6S2hxLxciEXy2oISPnAzxY7gvwVPrtlczTM/1dDadXgUxDpHMrMTblDOcm/AXtXxHwZ3jpg1mqKQ==

zod@^3.23.8:
  version "3.23.8"
  resolved "https://registry.yarnpkg.com/zod/-/zod-3.23.8.tgz#e37b957b5d52079769fb8097099b592f0ef4067d"
  integrity sha512-XBx9AXhXktjUqnepgTiE5flcKIYWi/rme0Eaj+5Y0lftuGBq+jyRu/md4WnuxqgP1ubdpNCsYEYPxrzVHD8d6g==
